
Microsoft Visual Studio Solution File, Format Version 12.00
# Visual Studio Version 17
VisualStudioVersion = 17.6.33829.357
MinimumVisualStudioVersion = 10.0.40219.1
Project("{9A19103F-16F7-4668-BE54-9A1E7A4F7556}") = "CreamuAPI", "CreamuAPI.csproj", "{081C278B-A6CB-4175-BE7A-E5291B105789}"
EndProject
Project("{9A19103F-16F7-4668-BE54-9A1E7A4F7556}") = "FinalProject", "..\MaPc\FinalProject\FinalProject.csproj", "{0EA3ECA8-6EC8-40F0-82CE-033442263BF1}"
EndProject
Global
	GlobalSection(SolutionConfigurationPlatforms) = preSolution
		Debug|Any CPU = Debug|Any CPU
		Release|Any CPU = Release|Any CPU
	EndGlobalSection
	GlobalSection(ProjectConfigurationPlatforms) = postSolution
		{081C278B-A6CB-4175-BE7A-E5291B105789}.Debug|Any CPU.ActiveCfg = Debug|Any CPU
		{081C278B-A6CB-4175-BE7A-E5291B105789}.Debug|Any CPU.Build.0 = Debug|Any CPU
		{081C278B-A6CB-4175-BE7A-E5291B105789}.Release|Any CPU.ActiveCfg = Release|Any CPU
		{081C278B-A6CB-4175-BE7A-E5291B105789}.Release|Any CPU.Build.0 = Release|Any CPU
		{0EA3ECA8-6EC8-40F0-82CE-033442263BF1}.Debug|Any CPU.ActiveCfg = Debug|Any CPU
		{0EA3ECA8-6EC8-40F0-82CE-033442263BF1}.Debug|Any CPU.Build.0 = Debug|Any CPU
		{0EA3ECA8-6EC8-40F0-82CE-033442263BF1}.Release|Any CPU.ActiveCfg = Release|Any CPU
		{0EA3ECA8-6EC8-40F0-82CE-033442263BF1}.Release|Any CPU.Build.0 = Release|Any CPU
	EndGlobalSection
	GlobalSection(SolutionProperties) = preSolution
		HideSolutionNode = FALSE
	EndGlobalSection
	GlobalSection(ExtensibilityGlobals) = postSolution
		SolutionGuid = {3BD5CCB5-9AC3-4B4A-B394-86AFD4A72539}
	EndGlobalSection
EndGlobal
